
Microsoft Visual Studio Solution File, Format Version 12.00
# Visual Studio 15
VisualStudioVersion = 15.0.26730.3
MinimumVisualStudioVersion = 10.0.40219.1
Project("{FAE04EC0-301F-11D3-BF4B-00C04F79EFBC}") = "PhotoBooth", "src\PhotoBooth\PhotoBooth.csproj", "{532E283C-98AA-417B-8F31-7BD2DA8EA090}"
EndProject
Project("{FAE04EC0-301F-11D3-BF4B-00C04F79EFBC}") = "CommandMessenger", "src\CommandMessenger\CommandMessenger.csproj", "{3CF8F8FC-6F5C-46F8-94DC-C2E4C505ECA4}"
EndProject
Project("{FAE04EC0-301F-11D3-BF4B-00C04F79EFBC}") = "Test-Photobooth", "src\Test-Photobooth\Test-Photobooth.csproj", "{5D5A94BA-CFF0-4ECF-9971-89AD39E6CE2B}"
EndProject
Project("{FAE04EC0-301F-11D3-BF4B-00C04F79EFBC}") = "PhotoBoothGUI", "src\PhotoBoothGUI\PhotoBoothGUI.csproj", "{60C3900D-211C-40D3-8DA5-6BC4D6860F9E}"
EndProject
Project("{FAE04EC0-301F-11D3-BF4B-00C04F79EFBC}") = "PhotoBoothService", "src\PhotoBoothService\PhotoBoothService.csproj", "{CDAF27AF-F5AF-4F52-937B-9535DB7652B8}"
EndProject
Project("{FAE04EC0-301F-11D3-BF4B-00C04F79EFBC}") = "PhotoBoothNetPrinter", "src\PhotoBoothNetPrinter\PhotoBoothNetPrinter.csproj", "{AE4E80FE-8263-4D76-AEA5-1B239666247F}"
EndProject
Project("{FAE04EC0-301F-11D3-BF4B-00C04F79EFBC}") = "SharpCameraHardware", "src\SharpCameraHardware\SharpCameraHardware.csproj", "{D6CD1C75-EAE6-4F69-8661-85E13CC7A6B2}"
EndProject
Project("{FAE04EC0-301F-11D3-BF4B-00C04F79EFBC}") = "PhotoBoothHardwareInterfaces", "src\PhotoBoothHardwareInterfaces\PhotoBoothHardwareInterfaces.csproj", "{68DD2862-AFB6-46A3-95F2-D31EC609E50E}"
EndProject
Project("{FAE04EC0-301F-11D3-BF4B-00C04F79EFBC}") = "photobooth-api-client", "src\photobooth-api-client\photobooth-api-client.csproj", "{3EE87E88-692A-4070-A243-7B53F95979F8}"
EndProject
Global
	GlobalSection(SolutionConfigurationPlatforms) = preSolution
		Debug|Any CPU = Debug|Any CPU
		Release|Any CPU = Release|Any CPU
		HeadlessRelease|Any CPU = HeadlessRelease|Any CPU
	EndGlobalSection
	GlobalSection(ProjectConfigurationPlatforms) = postSolution
		{532E283C-98AA-417B-8F31-7BD2DA8EA090}.Debug|Any CPU.ActiveCfg = Debug|Any CPU
		{532E283C-98AA-417B-8F31-7BD2DA8EA090}.Debug|Any CPU.Build.0 = Debug|Any CPU
		{532E283C-98AA-417B-8F31-7BD2DA8EA090}.HeadlessRelease|Any CPU.ActiveCfg = HeadlessRelease|Any CPU
		{532E283C-98AA-417B-8F31-7BD2DA8EA090}.HeadlessRelease|Any CPU.Build.0 = HeadlessRelease|Any CPU
		{3CF8F8FC-6F5C-46F8-94DC-C2E4C505ECA4}.Debug|Any CPU.ActiveCfg = Debug|Any CPU
		{3CF8F8FC-6F5C-46F8-94DC-C2E4C505ECA4}.Debug|Any CPU.Build.0 = Debug|Any CPU
		{3CF8F8FC-6F5C-46F8-94DC-C2E4C505ECA4}.Release|Any CPU.ActiveCfg = Release|Any CPU
		{3CF8F8FC-6F5C-46F8-94DC-C2E4C505ECA4}.Release|Any CPU.Build.0 = Release|Any CPU
		{3CF8F8FC-6F5C-46F8-94DC-C2E4C505ECA4}.HeadlessRelease|Any CPU.ActiveCfg = HeadlessRelease|Any CPU
		{3CF8F8FC-6F5C-46F8-94DC-C2E4C505ECA4}.HeadlessRelease|Any CPU.Build.0 = HeadlessRelease|Any CPU
		{5D5A94BA-CFF0-4ECF-9971-89AD39E6CE2B}.Debug|Any CPU.ActiveCfg = Debug|Any CPU
		{5D5A94BA-CFF0-4ECF-9971-89AD39E6CE2B}.Release|Any CPU.ActiveCfg = Release|Any CPU
		{5D5A94BA-CFF0-4ECF-9971-89AD39E6CE2B}.Release|Any CPU.Build.0 = Release|Any CPU
		{5D5A94BA-CFF0-4ECF-9971-89AD39E6CE2B}.HeadlessRelease|Any CPU.ActiveCfg = HeadlessRelease|Any CPU
		{5D5A94BA-CFF0-4ECF-9971-89AD39E6CE2B}.HeadlessRelease|Any CPU.Build.0 = HeadlessRelease|Any CPU
		{CDAF27AF-F5AF-4F52-937B-9535DB7652B8}.Debug|Any CPU.ActiveCfg = Debug|Any CPU
		{CDAF27AF-F5AF-4F52-937B-9535DB7652B8}.Debug|Any CPU.Build.0 = Debug|Any CPU
		{CDAF27AF-F5AF-4F52-937B-9535DB7652B8}.Release|Any CPU.ActiveCfg = Release|Any CPU
		{CDAF27AF-F5AF-4F52-937B-9535DB7652B8}.Release|Any CPU.Build.0 = Release|Any CPU
		{CDAF27AF-F5AF-4F52-937B-9535DB7652B8}.HeadlessRelease|Any CPU.ActiveCfg = HeadlessRelease|Any CPU
		{CDAF27AF-F5AF-4F52-937B-9535DB7652B8}.HeadlessRelease|Any CPU.Build.0 = HeadlessRelease|Any CPU
		{CDAF27AF-F5AF-4F52-937B-9535DB7652B8}.HeadlessRelease|Any CPU.Deploy.0 = HeadlessRelease|Any CPU
		{AE4E80FE-8263-4D76-AEA5-1B239666247F}.Debug|Any CPU.ActiveCfg = Debug|Any CPU
		{AE4E80FE-8263-4D76-AEA5-1B239666247F}.Debug|Any CPU.Build.0 = Debug|Any CPU
		{AE4E80FE-8263-4D76-AEA5-1B239666247F}.Release|Any CPU.ActiveCfg = Release|Any CPU
		{AE4E80FE-8263-4D76-AEA5-1B239666247F}.Release|Any CPU.Build.0 = Release|Any CPU
		{AE4E80FE-8263-4D76-AEA5-1B239666247F}.HeadlessRelease|Any CPU.ActiveCfg = HeadlessRelease|Any CPU
		{D6CD1C75-EAE6-4F69-8661-85E13CC7A6B2}.Debug|Any CPU.ActiveCfg = Debug|Any CPU
		{D6CD1C75-EAE6-4F69-8661-85E13CC7A6B2}.Debug|Any CPU.Build.0 = Debug|Any CPU
		{D6CD1C75-EAE6-4F69-8661-85E13CC7A6B2}.Release|Any CPU.ActiveCfg = Release|Any CPU
		{D6CD1C75-EAE6-4F69-8661-85E13CC7A6B2}.Release|Any CPU.Build.0 = Release|Any CPU
		{D6CD1C75-EAE6-4F69-8661-85E13CC7A6B2}.HeadlessRelease|Any CPU.ActiveCfg = HeadlessRelease|Any CPU
		{D6CD1C75-EAE6-4F69-8661-85E13CC7A6B2}.HeadlessRelease|Any CPU.Build.0 = HeadlessRelease|Any CPU
		{68DD2862-AFB6-46A3-95F2-D31EC609E50E}.Debug|Any CPU.ActiveCfg = Debug|Any CPU
		{68DD2862-AFB6-46A3-95F2-D31EC609E50E}.Debug|Any CPU.Build.0 = Debug|Any CPU
		{68DD2862-AFB6-46A3-95F2-D31EC609E50E}.Release|Any CPU.ActiveCfg = Release|Any CPU
		{68DD2862-AFB6-46A3-95F2-D31EC609E50E}.Release|Any CPU.Build.0 = Release|Any CPU
		{68DD2862-AFB6-46A3-95F2-D31EC609E50E}.HeadlessRelease|Any CPU.ActiveCfg = HeadlessRelease|Any CPU
		{68DD2862-AFB6-46A3-95F2-D31EC609E50E}.HeadlessRelease|Any CPU.Build.0 = HeadlessRelease|Any CPU
		{3EE87E88-692A-4070-A243-7B53F95979F8}.Debug|Any CPU.ActiveCfg = Debug|Any CPU
		{3EE87E88-692A-4070-A243-7B53F95979F8}.Debug|Any CPU.Build.0 = Debug|Any CPU
		{3EE87E88-692A-4070-A243-7B53F95979F8}.Release|Any CPU.ActiveCfg = Release|Any CPU
		{3EE87E88-692A-4070-A243-7B53F95979F8}.Release|Any CPU.Build.0 = Release|Any CPU
		{3EE87E88-692A-4070-A243-7B53F95979F8}.HeadlessRelease|Any CPU.ActiveCfg = HeadlessRelease|Any CPU
		{3EE87E88-692A-4070-A243-7B53F95979F8}.HeadlessRelease|Any CPU.Build.0 = HeadlessRelease|Any CPU
		{60C3900D-211C-40D3-8DA5-6BC4D6860F9E}.HeadlessRelease|Any CPU.ActiveCfg = HeadlessRelease|Any CPU
	EndGlobalSection
	GlobalSection(SolutionProperties) = preSolution
		HideSolutionNode = FALSE
	EndGlobalSection
	GlobalSection(ExtensibilityGlobals) = postSolution
		SolutionGuid = {2526CD01-E104-42DD-A95A-E5AD7F972CBB}
	EndGlobalSection
	GlobalSection(MonoDevelopProperties) = preSolution
		StartupItem = PhotoBoothGUI\PhotoBoothGUI.csproj
	EndGlobalSection
EndGlobal
