
Microsoft Visual Studio Solution File, Format Version 12.00
# Visual Studio 15
VisualStudioVersion = 15.0.26730.3
MinimumVisualStudioVersion = 10.0.40219.1
Project("{FAE04EC0-301F-11D3-BF4B-00C04F79EFBC}") = "GPhotoWrapper", "GPhotoWrapper\GPhotoWrapper.csproj", "{E4DCFEAB-A4B4-4EBC-A2AA-E33901C74235}"
EndProject
Project("{FAE04EC0-301F-11D3-BF4B-00C04F79EFBC}") = "PhotoBooth", "PhotoBooth\PhotoBooth.csproj", "{532E283C-98AA-417B-8F31-7BD2DA8EA090}"
EndProject
Project("{FAE04EC0-301F-11D3-BF4B-00C04F79EFBC}") = "GPhotoWrapperInterface", "GPhotoWrapperInterface\GPhotoWrapperInterface.csproj", "{4C1198A2-3418-4CCB-AAB0-1D15E1E741D8}"
EndProject
Project("{FAE04EC0-301F-11D3-BF4B-00C04F79EFBC}") = "CommandMessenger", "CommandMessenger\CommandMessenger.csproj", "{3CF8F8FC-6F5C-46F8-94DC-C2E4C505ECA4}"
EndProject
Project("{FAE04EC0-301F-11D3-BF4B-00C04F79EFBC}") = "Test-Photobooth", "Test-Photobooth\Test-Photobooth.csproj", "{5D5A94BA-CFF0-4ECF-9971-89AD39E6CE2B}"
EndProject
Project("{FAE04EC0-301F-11D3-BF4B-00C04F79EFBC}") = "PhotoBoothGUI", "PhotoBoothGUI\PhotoBoothGUI.csproj", "{60C3900D-211C-40D3-8DA5-6BC4D6860F9E}"
EndProject
Project("{FAE04EC0-301F-11D3-BF4B-00C04F79EFBC}") = "PhotoBoothConsole", "PhotoBoothConsole\PhotoBoothConsole.csproj", "{9308315E-4BBF-458D-BDF9-55D5C4F54884}"
EndProject
Project("{FAE04EC0-301F-11D3-BF4B-00C04F79EFBC}") = "Photobooth-Api-Client", "PhotoboothApiClient\Photobooth-Api-Client.csproj", "{C9CC764C-DE7A-4966-91B3-ED8305E61A69}"
EndProject
Project("{FAE04EC0-301F-11D3-BF4B-00C04F79EFBC}") = "PhotoUploader", "PhotoBoothUploader\PhotoUploader.csproj", "{45D765F2-9A0F-4804-B733-F3C1DF394B06}"
EndProject
Project("{FAE04EC0-301F-11D3-BF4B-00C04F79EFBC}") = "PhotoBoothService", "PhotoBoothService\PhotoBoothService.csproj", "{CDAF27AF-F5AF-4F52-937B-9535DB7652B8}"
EndProject
Project("{FAE04EC0-301F-11D3-BF4B-00C04F79EFBC}") = "PhotoBoothNetPrinter", "PhotoBoothNetPrinter\PhotoBoothNetPrinter.csproj", "{AE4E80FE-8263-4D76-AEA5-1B239666247F}"
EndProject
Global
	GlobalSection(SolutionConfigurationPlatforms) = preSolution
		Debug|Any CPU = Debug|Any CPU
		Debug|Mixed Platforms = Debug|Mixed Platforms
		Debug|x86 = Debug|x86
		Release|Any CPU = Release|Any CPU
		Release|Mixed Platforms = Release|Mixed Platforms
		Release|x86 = Release|x86
	EndGlobalSection
	GlobalSection(ProjectConfigurationPlatforms) = postSolution
		{E4DCFEAB-A4B4-4EBC-A2AA-E33901C74235}.Debug|Any CPU.ActiveCfg = Debug|Any CPU
		{E4DCFEAB-A4B4-4EBC-A2AA-E33901C74235}.Debug|Any CPU.Build.0 = Debug|Any CPU
		{E4DCFEAB-A4B4-4EBC-A2AA-E33901C74235}.Debug|Mixed Platforms.ActiveCfg = Debug|Any CPU
		{E4DCFEAB-A4B4-4EBC-A2AA-E33901C74235}.Debug|Mixed Platforms.Build.0 = Debug|Any CPU
		{E4DCFEAB-A4B4-4EBC-A2AA-E33901C74235}.Debug|x86.ActiveCfg = Debug|Any CPU
		{E4DCFEAB-A4B4-4EBC-A2AA-E33901C74235}.Debug|x86.Build.0 = Debug|Any CPU
		{E4DCFEAB-A4B4-4EBC-A2AA-E33901C74235}.Release|Any CPU.ActiveCfg = Release|Any CPU
		{E4DCFEAB-A4B4-4EBC-A2AA-E33901C74235}.Release|Any CPU.Build.0 = Release|Any CPU
		{E4DCFEAB-A4B4-4EBC-A2AA-E33901C74235}.Release|Mixed Platforms.ActiveCfg = Release|Any CPU
		{E4DCFEAB-A4B4-4EBC-A2AA-E33901C74235}.Release|Mixed Platforms.Build.0 = Release|Any CPU
		{E4DCFEAB-A4B4-4EBC-A2AA-E33901C74235}.Release|x86.ActiveCfg = Release|Any CPU
		{E4DCFEAB-A4B4-4EBC-A2AA-E33901C74235}.Release|x86.Build.0 = Release|Any CPU
		{532E283C-98AA-417B-8F31-7BD2DA8EA090}.Debug|Mixed Platforms.ActiveCfg = Debug|Any CPU
		{532E283C-98AA-417B-8F31-7BD2DA8EA090}.Debug|Mixed Platforms.Build.0 = Debug|Any CPU
		{532E283C-98AA-417B-8F31-7BD2DA8EA090}.Debug|x86.ActiveCfg = Debug|x86
		{532E283C-98AA-417B-8F31-7BD2DA8EA090}.Debug|x86.Build.0 = Debug|x86
		{532E283C-98AA-417B-8F31-7BD2DA8EA090}.Release|Any CPU.ActiveCfg = Release|x86
		{532E283C-98AA-417B-8F31-7BD2DA8EA090}.Release|Mixed Platforms.ActiveCfg = Release|x86
		{532E283C-98AA-417B-8F31-7BD2DA8EA090}.Release|Mixed Platforms.Build.0 = Release|x86
		{532E283C-98AA-417B-8F31-7BD2DA8EA090}.Release|x86.ActiveCfg = Release|x86
		{532E283C-98AA-417B-8F31-7BD2DA8EA090}.Release|x86.Build.0 = Release|x86
		{532E283C-98AA-417B-8F31-7BD2DA8EA090}.Debug|Any CPU.ActiveCfg = Debug|Any CPU
		{532E283C-98AA-417B-8F31-7BD2DA8EA090}.Debug|Any CPU.Build.0 = Debug|Any CPU
		{4C1198A2-3418-4CCB-AAB0-1D15E1E741D8}.Debug|Any CPU.ActiveCfg = Debug|Any CPU
		{4C1198A2-3418-4CCB-AAB0-1D15E1E741D8}.Debug|Any CPU.Build.0 = Debug|Any CPU
		{4C1198A2-3418-4CCB-AAB0-1D15E1E741D8}.Debug|Mixed Platforms.ActiveCfg = Debug|Any CPU
		{4C1198A2-3418-4CCB-AAB0-1D15E1E741D8}.Debug|Mixed Platforms.Build.0 = Debug|Any CPU
		{4C1198A2-3418-4CCB-AAB0-1D15E1E741D8}.Debug|x86.ActiveCfg = Debug|Any CPU
		{4C1198A2-3418-4CCB-AAB0-1D15E1E741D8}.Release|Any CPU.ActiveCfg = Release|Any CPU
		{4C1198A2-3418-4CCB-AAB0-1D15E1E741D8}.Release|Any CPU.Build.0 = Release|Any CPU
		{4C1198A2-3418-4CCB-AAB0-1D15E1E741D8}.Release|Mixed Platforms.ActiveCfg = Release|Any CPU
		{4C1198A2-3418-4CCB-AAB0-1D15E1E741D8}.Release|Mixed Platforms.Build.0 = Release|Any CPU
		{4C1198A2-3418-4CCB-AAB0-1D15E1E741D8}.Release|x86.ActiveCfg = Release|Any CPU
		{3CF8F8FC-6F5C-46F8-94DC-C2E4C505ECA4}.Debug|Any CPU.ActiveCfg = Debug|Any CPU
		{3CF8F8FC-6F5C-46F8-94DC-C2E4C505ECA4}.Debug|Any CPU.Build.0 = Debug|Any CPU
		{3CF8F8FC-6F5C-46F8-94DC-C2E4C505ECA4}.Debug|Mixed Platforms.ActiveCfg = Debug|Any CPU
		{3CF8F8FC-6F5C-46F8-94DC-C2E4C505ECA4}.Debug|Mixed Platforms.Build.0 = Debug|Any CPU
		{3CF8F8FC-6F5C-46F8-94DC-C2E4C505ECA4}.Debug|x86.ActiveCfg = Debug|Any CPU
		{3CF8F8FC-6F5C-46F8-94DC-C2E4C505ECA4}.Release|Any CPU.ActiveCfg = Release|Any CPU
		{3CF8F8FC-6F5C-46F8-94DC-C2E4C505ECA4}.Release|Any CPU.Build.0 = Release|Any CPU
		{3CF8F8FC-6F5C-46F8-94DC-C2E4C505ECA4}.Release|Mixed Platforms.ActiveCfg = Release|Any CPU
		{3CF8F8FC-6F5C-46F8-94DC-C2E4C505ECA4}.Release|Mixed Platforms.Build.0 = Release|Any CPU
		{3CF8F8FC-6F5C-46F8-94DC-C2E4C505ECA4}.Release|x86.ActiveCfg = Release|Any CPU
		{5D5A94BA-CFF0-4ECF-9971-89AD39E6CE2B}.Debug|Any CPU.ActiveCfg = Debug|Any CPU
		{5D5A94BA-CFF0-4ECF-9971-89AD39E6CE2B}.Debug|Mixed Platforms.ActiveCfg = Debug|Any CPU
		{5D5A94BA-CFF0-4ECF-9971-89AD39E6CE2B}.Debug|Mixed Platforms.Build.0 = Debug|Any CPU
		{5D5A94BA-CFF0-4ECF-9971-89AD39E6CE2B}.Debug|x86.ActiveCfg = Debug|Any CPU
		{5D5A94BA-CFF0-4ECF-9971-89AD39E6CE2B}.Release|Any CPU.ActiveCfg = Release|Any CPU
		{5D5A94BA-CFF0-4ECF-9971-89AD39E6CE2B}.Release|Any CPU.Build.0 = Release|Any CPU
		{5D5A94BA-CFF0-4ECF-9971-89AD39E6CE2B}.Release|Mixed Platforms.ActiveCfg = Release|Any CPU
		{5D5A94BA-CFF0-4ECF-9971-89AD39E6CE2B}.Release|Mixed Platforms.Build.0 = Release|Any CPU
		{5D5A94BA-CFF0-4ECF-9971-89AD39E6CE2B}.Release|x86.ActiveCfg = Release|Any CPU
		{60C3900D-211C-40D3-8DA5-6BC4D6860F9E}.Debug|Any CPU.ActiveCfg = Debug|Mixed Platforms
		{60C3900D-211C-40D3-8DA5-6BC4D6860F9E}.Debug|Mixed Platforms.ActiveCfg = Debug|Mixed Platforms
		{60C3900D-211C-40D3-8DA5-6BC4D6860F9E}.Debug|Mixed Platforms.Build.0 = Debug|Mixed Platforms
		{60C3900D-211C-40D3-8DA5-6BC4D6860F9E}.Debug|x86.ActiveCfg = Debug|Mixed Platforms
		{60C3900D-211C-40D3-8DA5-6BC4D6860F9E}.Debug|x86.Build.0 = Debug|Mixed Platforms
		{60C3900D-211C-40D3-8DA5-6BC4D6860F9E}.Release|Any CPU.ActiveCfg = Release|Mixed Platforms
		{60C3900D-211C-40D3-8DA5-6BC4D6860F9E}.Release|Any CPU.Build.0 = Release|Mixed Platforms
		{60C3900D-211C-40D3-8DA5-6BC4D6860F9E}.Release|Mixed Platforms.ActiveCfg = Release|Mixed Platforms
		{60C3900D-211C-40D3-8DA5-6BC4D6860F9E}.Release|Mixed Platforms.Build.0 = Release|Mixed Platforms
		{60C3900D-211C-40D3-8DA5-6BC4D6860F9E}.Release|x86.ActiveCfg = Release|Mixed Platforms
		{60C3900D-211C-40D3-8DA5-6BC4D6860F9E}.Release|x86.Build.0 = Release|Mixed Platforms
		{9308315E-4BBF-458D-BDF9-55D5C4F54884}.Debug|Any CPU.ActiveCfg = Debug|Mixed Platforms
		{9308315E-4BBF-458D-BDF9-55D5C4F54884}.Debug|Any CPU.Build.0 = Debug|Mixed Platforms
		{9308315E-4BBF-458D-BDF9-55D5C4F54884}.Debug|Mixed Platforms.ActiveCfg = Debug|Mixed Platforms
		{9308315E-4BBF-458D-BDF9-55D5C4F54884}.Debug|Mixed Platforms.Build.0 = Debug|Mixed Platforms
		{9308315E-4BBF-458D-BDF9-55D5C4F54884}.Debug|x86.ActiveCfg = Debug|Mixed Platforms
		{9308315E-4BBF-458D-BDF9-55D5C4F54884}.Debug|x86.Build.0 = Debug|Mixed Platforms
		{9308315E-4BBF-458D-BDF9-55D5C4F54884}.Release|Any CPU.ActiveCfg = Release|Mixed Platforms
		{9308315E-4BBF-458D-BDF9-55D5C4F54884}.Release|Any CPU.Build.0 = Release|Mixed Platforms
		{9308315E-4BBF-458D-BDF9-55D5C4F54884}.Release|Mixed Platforms.ActiveCfg = Release|Mixed Platforms
		{9308315E-4BBF-458D-BDF9-55D5C4F54884}.Release|Mixed Platforms.Build.0 = Release|Mixed Platforms
		{9308315E-4BBF-458D-BDF9-55D5C4F54884}.Release|x86.ActiveCfg = Release|Mixed Platforms
		{9308315E-4BBF-458D-BDF9-55D5C4F54884}.Release|x86.Build.0 = Release|Mixed Platforms
		{C9CC764C-DE7A-4966-91B3-ED8305E61A69}.Debug|Any CPU.ActiveCfg = Debug|Any CPU
		{C9CC764C-DE7A-4966-91B3-ED8305E61A69}.Debug|Any CPU.Build.0 = Debug|Any CPU
		{C9CC764C-DE7A-4966-91B3-ED8305E61A69}.Debug|Mixed Platforms.ActiveCfg = Debug|Any CPU
		{C9CC764C-DE7A-4966-91B3-ED8305E61A69}.Debug|Mixed Platforms.Build.0 = Debug|Any CPU
		{C9CC764C-DE7A-4966-91B3-ED8305E61A69}.Debug|x86.ActiveCfg = Debug|Any CPU
		{C9CC764C-DE7A-4966-91B3-ED8305E61A69}.Debug|x86.Build.0 = Debug|Any CPU
		{C9CC764C-DE7A-4966-91B3-ED8305E61A69}.Release|Any CPU.ActiveCfg = Release|Any CPU
		{C9CC764C-DE7A-4966-91B3-ED8305E61A69}.Release|Any CPU.Build.0 = Release|Any CPU
		{C9CC764C-DE7A-4966-91B3-ED8305E61A69}.Release|Mixed Platforms.ActiveCfg = Release|Any CPU
		{C9CC764C-DE7A-4966-91B3-ED8305E61A69}.Release|Mixed Platforms.Build.0 = Release|Any CPU
		{C9CC764C-DE7A-4966-91B3-ED8305E61A69}.Release|x86.ActiveCfg = Release|Any CPU
		{C9CC764C-DE7A-4966-91B3-ED8305E61A69}.Release|x86.Build.0 = Release|Any CPU
		{45D765F2-9A0F-4804-B733-F3C1DF394B06}.Debug|Any CPU.ActiveCfg = Debug|Any CPU
		{45D765F2-9A0F-4804-B733-F3C1DF394B06}.Debug|Any CPU.Build.0 = Debug|Any CPU
		{45D765F2-9A0F-4804-B733-F3C1DF394B06}.Debug|Mixed Platforms.ActiveCfg = Debug|Any CPU
		{45D765F2-9A0F-4804-B733-F3C1DF394B06}.Debug|Mixed Platforms.Build.0 = Debug|Any CPU
		{45D765F2-9A0F-4804-B733-F3C1DF394B06}.Debug|x86.ActiveCfg = Debug|Any CPU
		{45D765F2-9A0F-4804-B733-F3C1DF394B06}.Debug|x86.Build.0 = Debug|Any CPU
		{45D765F2-9A0F-4804-B733-F3C1DF394B06}.Release|Any CPU.ActiveCfg = Release|Any CPU
		{45D765F2-9A0F-4804-B733-F3C1DF394B06}.Release|Any CPU.Build.0 = Release|Any CPU
		{45D765F2-9A0F-4804-B733-F3C1DF394B06}.Release|Mixed Platforms.ActiveCfg = Release|Any CPU
		{45D765F2-9A0F-4804-B733-F3C1DF394B06}.Release|Mixed Platforms.Build.0 = Release|Any CPU
		{45D765F2-9A0F-4804-B733-F3C1DF394B06}.Release|x86.ActiveCfg = Release|Any CPU
		{45D765F2-9A0F-4804-B733-F3C1DF394B06}.Release|x86.Build.0 = Release|Any CPU
		{CDAF27AF-F5AF-4F52-937B-9535DB7652B8}.Debug|Any CPU.ActiveCfg = Debug|Any CPU
		{CDAF27AF-F5AF-4F52-937B-9535DB7652B8}.Debug|Any CPU.Build.0 = Debug|Any CPU
		{CDAF27AF-F5AF-4F52-937B-9535DB7652B8}.Debug|Mixed Platforms.ActiveCfg = Debug|Any CPU
		{CDAF27AF-F5AF-4F52-937B-9535DB7652B8}.Debug|Mixed Platforms.Build.0 = Debug|Any CPU
		{CDAF27AF-F5AF-4F52-937B-9535DB7652B8}.Debug|x86.ActiveCfg = Debug|Any CPU
		{CDAF27AF-F5AF-4F52-937B-9535DB7652B8}.Debug|x86.Build.0 = Debug|Any CPU
		{CDAF27AF-F5AF-4F52-937B-9535DB7652B8}.Release|Any CPU.ActiveCfg = Release|Any CPU
		{CDAF27AF-F5AF-4F52-937B-9535DB7652B8}.Release|Any CPU.Build.0 = Release|Any CPU
		{CDAF27AF-F5AF-4F52-937B-9535DB7652B8}.Release|Mixed Platforms.ActiveCfg = Release|Any CPU
		{CDAF27AF-F5AF-4F52-937B-9535DB7652B8}.Release|Mixed Platforms.Build.0 = Release|Any CPU
		{CDAF27AF-F5AF-4F52-937B-9535DB7652B8}.Release|x86.ActiveCfg = Release|Any CPU
		{CDAF27AF-F5AF-4F52-937B-9535DB7652B8}.Release|x86.Build.0 = Release|Any CPU
		{AE4E80FE-8263-4D76-AEA5-1B239666247F}.Debug|Any CPU.ActiveCfg = Debug|Any CPU
		{AE4E80FE-8263-4D76-AEA5-1B239666247F}.Debug|Any CPU.Build.0 = Debug|Any CPU
		{AE4E80FE-8263-4D76-AEA5-1B239666247F}.Debug|Mixed Platforms.ActiveCfg = Debug|Any CPU
		{AE4E80FE-8263-4D76-AEA5-1B239666247F}.Debug|Mixed Platforms.Build.0 = Debug|Any CPU
		{AE4E80FE-8263-4D76-AEA5-1B239666247F}.Debug|x86.ActiveCfg = Debug|Any CPU
		{AE4E80FE-8263-4D76-AEA5-1B239666247F}.Debug|x86.Build.0 = Debug|Any CPU
		{AE4E80FE-8263-4D76-AEA5-1B239666247F}.Release|Any CPU.ActiveCfg = Release|Any CPU
		{AE4E80FE-8263-4D76-AEA5-1B239666247F}.Release|Any CPU.Build.0 = Release|Any CPU
		{AE4E80FE-8263-4D76-AEA5-1B239666247F}.Release|Mixed Platforms.ActiveCfg = Release|Any CPU
		{AE4E80FE-8263-4D76-AEA5-1B239666247F}.Release|Mixed Platforms.Build.0 = Release|Any CPU
		{AE4E80FE-8263-4D76-AEA5-1B239666247F}.Release|x86.ActiveCfg = Release|Any CPU
		{AE4E80FE-8263-4D76-AEA5-1B239666247F}.Release|x86.Build.0 = Release|Any CPU
	EndGlobalSection
	GlobalSection(SolutionProperties) = preSolution
		HideSolutionNode = FALSE
	EndGlobalSection
	GlobalSection(ExtensibilityGlobals) = postSolution
		SolutionGuid = {2526CD01-E104-42DD-A95A-E5AD7F972CBB}
	EndGlobalSection
	GlobalSection(MonoDevelopProperties) = preSolution
		StartupItem = PhotoBoothGUI\PhotoBoothGUI.csproj
	EndGlobalSection
EndGlobal
